
Microsoft Visual Studio Solution File, Format Version 12.00
# Visual Studio Version 17
VisualStudioVersion = 17.8.34322.80
MinimumVisualStudioVersion = 10.0.40219.1
Project("{9A19103F-16F7-4668-BE54-9A1E7A4F7556}") = "API", "API\API.csproj", "{E33BA9DD-D84E-4E2A-9B90-8266A0CE3BBC}"
EndProject
Project("{9A19103F-16F7-4668-BE54-9A1E7A4F7556}") = "Test", "Test\Test.csproj", "{DDED8EAB-84C8-4858-8D82-4BE0F8C39553}"
EndProject
Project("{2150E333-8FDC-42A3-9474-1A3956D46DE8}") = ".ebextensions", ".ebextensions", "{DA56FAF3-B178-458C-B08B-B0BB7AF05C41}"
	ProjectSection(SolutionItems) = preProject
		cloudwatch-memory.config = cloudwatch-memory.config
	EndProjectSection
EndProject
Global
	GlobalSection(SolutionConfigurationPlatforms) = preSolution
		Debug|Any CPU = Debug|Any CPU
		Release|Any CPU = Release|Any CPU
	EndGlobalSection
	GlobalSection(ProjectConfigurationPlatforms) = postSolution
		{E33BA9DD-D84E-4E2A-9B90-8266A0CE3BBC}.Debug|Any CPU.ActiveCfg = Development|Any CPU
		{E33BA9DD-D84E-4E2A-9B90-8266A0CE3BBC}.Debug|Any CPU.Build.0 = Development|Any CPU
		{E33BA9DD-D84E-4E2A-9B90-8266A0CE3BBC}.Release|Any CPU.ActiveCfg = Release|Any CPU
		{E33BA9DD-D84E-4E2A-9B90-8266A0CE3BBC}.Release|Any CPU.Build.0 = Release|Any CPU
		{DDED8EAB-84C8-4858-8D82-4BE0F8C39553}.Debug|Any CPU.ActiveCfg = Debug|Any CPU
		{DDED8EAB-84C8-4858-8D82-4BE0F8C39553}.Debug|Any CPU.Build.0 = Debug|Any CPU
		{DDED8EAB-84C8-4858-8D82-4BE0F8C39553}.Release|Any CPU.ActiveCfg = Release|Any CPU
		{DDED8EAB-84C8-4858-8D82-4BE0F8C39553}.Release|Any CPU.Build.0 = Release|Any CPU
	EndGlobalSection
	GlobalSection(SolutionProperties) = preSolution
		HideSolutionNode = FALSE
	EndGlobalSection
	GlobalSection(ExtensibilityGlobals) = postSolution
		SolutionGuid = {F62699FE-BD44-4C90-A95F-2B15DAEDC3D1}
	EndGlobalSection
EndGlobal
